kilobit.ca/go/tested v0.0.4 h1:kEBjmW2Pbvl8B0s3gI4jrFkRJppnqjDWtySypb4ep4Y=
kilobit.ca/go/tested v0.0.4/go.mod h1:TUNnqjPPkY69RIerc55qah1acn/LrmvcTaa7x+b9aXk=
kilobit.ca/go/tested v0.0.5 h1:f6IOkW069KzI7qWqyVWaBCQ3Ab9NzDZGcWw4t2hYb40=
kilobit.ca/go/tested v0.0.5/go.mod h1:TUNnqjPPkY69RIerc55qah1acn/LrmvcTaa7x+b9aXk=
kilobit.ca/go/tested v0.0.6 h1:l006mupLY5zO6QYnZusGGV1rNdqju8bwnYfBfyx/iPc=
kilobit.ca/go/tested v0.0.6/go.mod h1:TUNnqjPPkY69RIerc55qah1acn/LrmvcTaa7x+b9aXk=
